
Microsoft Visual Studio Solution File, Format Version 12.00
# Visual Studio Version 16
VisualStudioVersion = 16.0.32106.194
MinimumVisualStudioVersion = 10.0.40219.1
Project("{8BC9CEB8-8B4A-11D0-8D11-00A0C91BC942}") = "DifficultMoments5", "DifficultMoments5.vcxproj", "{AF19E3E7-A71A-473D-B77B-A217B9CBB968}"
EndProject
Global
	GlobalSection(SolutionConfigurationPlatforms) = preSolution
		Debug|x64 = Debug|x64
		Debug|x86 = Debug|x86
		Release|x64 = Release|x64
		Release|x86 = Release|x86
	EndGlobalSection
	GlobalSection(ProjectConfigurationPlatforms) = postSolution
		{AF19E3E7-A71A-473D-B77B-A217B9CBB968}.Debug|x64.ActiveCfg = Debug|x64
		{AF19E3E7-A71A-473D-B77B-A217B9CBB968}.Debug|x64.Build.0 = Debug|x64
		{AF19E3E7-A71A-473D-B77B-A217B9CBB968}.Debug|x86.ActiveCfg = Debug|Win32
		{AF19E3E7-A71A-473D-B77B-A217B9CBB968}.Debug|x86.Build.0 = Debug|Win32
		{AF19E3E7-A71A-473D-B77B-A217B9CBB968}.Release|x64.ActiveCfg = Release|x64
		{AF19E3E7-A71A-473D-B77B-A217B9CBB968}.Release|x64.Build.0 = Release|x64
		{AF19E3E7-A71A-473D-B77B-A217B9CBB968}.Release|x86.ActiveCfg = Release|Win32
		{AF19E3E7-A71A-473D-B77B-A217B9CBB968}.Release|x86.Build.0 = Release|Win32
	EndGlobalSection
	GlobalSection(SolutionProperties) = preSolution
		HideSolutionNode = FALSE
	EndGlobalSection
	GlobalSection(ExtensibilityGlobals) = postSolution
		SolutionGuid = {5F0B2CA3-D48B-4115-9332-3DFA0D26AE16}
	EndGlobalSection
EndGlobal
